
Microsoft Visual Studio Solution File, Format Version 12.00
# Visual Studio 15
VisualStudioVersion = 15.0.28307.572
MinimumVisualStudioVersion = 10.0.40219.1
Project("{FAE04EC0-301F-11D3-BF4B-00C04F79EFBC}") = "MainCorreo", "MainCorreo\MainCorreo.csproj", "{B1C00834-B25C-46BE-A118-02F5A1452C39}"
EndProject
Project("{FAE04EC0-301F-11D3-BF4B-00C04F79EFBC}") = "Entidades", "Entidades\Entidades.csproj", "{443681BE-3F75-4492-9037-E7D4FC195900}"
EndProject
Project("{FAE04EC0-301F-11D3-BF4B-00C04F79EFBC}") = "TestUnitario", "TestUnitario\TestUnitario.csproj", "{58D9A8F8-B9A1-4B63-86E8-D0BD39540494}"
EndProject
Global
	GlobalSection(SolutionConfigurationPlatforms) = preSolution
		Debug|Any CPU = Debug|Any CPU
		Release|Any CPU = Release|Any CPU
	EndGlobalSection
	GlobalSection(ProjectConfigurationPlatforms) = postSolution
		{B1C00834-B25C-46BE-A118-02F5A1452C39}.Debug|Any CPU.ActiveCfg = Debug|Any CPU
		{B1C00834-B25C-46BE-A118-02F5A1452C39}.Debug|Any CPU.Build.0 = Debug|Any CPU
		{B1C00834-B25C-46BE-A118-02F5A1452C39}.Release|Any CPU.ActiveCfg = Release|Any CPU
		{B1C00834-B25C-46BE-A118-02F5A1452C39}.Release|Any CPU.Build.0 = Release|Any CPU
		{443681BE-3F75-4492-9037-E7D4FC195900}.Debug|Any CPU.ActiveCfg = Debug|Any CPU
		{443681BE-3F75-4492-9037-E7D4FC195900}.Debug|Any CPU.Build.0 = Debug|Any CPU
		{443681BE-3F75-4492-9037-E7D4FC195900}.Release|Any CPU.ActiveCfg = Release|Any CPU
		{443681BE-3F75-4492-9037-E7D4FC195900}.Release|Any CPU.Build.0 = Release|Any CPU
		{58D9A8F8-B9A1-4B63-86E8-D0BD39540494}.Debug|Any CPU.ActiveCfg = Debug|Any CPU
		{58D9A8F8-B9A1-4B63-86E8-D0BD39540494}.Debug|Any CPU.Build.0 = Debug|Any CPU
		{58D9A8F8-B9A1-4B63-86E8-D0BD39540494}.Release|Any CPU.ActiveCfg = Release|Any CPU
		{58D9A8F8-B9A1-4B63-86E8-D0BD39540494}.Release|Any CPU.Build.0 = Release|Any CPU
	EndGlobalSection
	GlobalSection(SolutionProperties) = preSolution
		HideSolutionNode = FALSE
	EndGlobalSection
	GlobalSection(ExtensibilityGlobals) = postSolution
		SolutionGuid = {5CD6DC20-95CD-46CC-A334-56B4F7FD3086}
	EndGlobalSection
EndGlobal
